
Microsoft Visual Studio Solution File, Format Version 12.00
# Visual Studio Version 16
VisualStudioVersion = 16.0.31702.278
MinimumVisualStudioVersion = 10.0.40219.1
Project("{FAE04EC0-301F-11D3-BF4B-00C04F79EFBC}") = "For_Dongusu_KumSaatı_2", "For_Dongusu_KumSaatı_2\For_Dongusu_KumSaatı_2.csproj", "{F4E939BE-D03F-4D68-B76E-087960C9C147}"
EndProject
Global
	GlobalSection(SolutionConfigurationPlatforms) = preSolution
		Debug|Any CPU = Debug|Any CPU
		Release|Any CPU = Release|Any CPU
	EndGlobalSection
	GlobalSection(ProjectConfigurationPlatforms) = postSolution
		{F4E939BE-D03F-4D68-B76E-087960C9C147}.Debug|Any CPU.ActiveCfg = Debug|Any CPU
		{F4E939BE-D03F-4D68-B76E-087960C9C147}.Debug|Any CPU.Build.0 = Debug|Any CPU
		{F4E939BE-D03F-4D68-B76E-087960C9C147}.Release|Any CPU.ActiveCfg = Release|Any CPU
		{F4E939BE-D03F-4D68-B76E-087960C9C147}.Release|Any CPU.Build.0 = Release|Any CPU
	EndGlobalSection
	GlobalSection(SolutionProperties) = preSolution
		HideSolutionNode = FALSE
	EndGlobalSection
	GlobalSection(ExtensibilityGlobals) = postSolution
		SolutionGuid = {E4F25F4B-2179-4459-AED3-51E28795FD20}
	EndGlobalSection
EndGlobal
